
Microsoft Visual Studio Solution File, Format Version 12.00
# Visual Studio Version 16
VisualStudioVersion = 16.0.33214.272
MinimumVisualStudioVersion = 10.0.40219.1
Project("{9A19103F-16F7-4668-BE54-9A1E7A4F7556}") = "GameHouse_Josh.Server", "GameHouse_Josh\Server\GameHouse_Josh.Server.csproj", "{77942A9C-2C2B-4536-8012-A53B7BCBAE59}"
EndProject
Project("{9A19103F-16F7-4668-BE54-9A1E7A4F7556}") = "GameHouse_Josh.Client", "GameHouse_Josh\Client\GameHouse_Josh.Client.csproj", "{EFCD3CE3-486A-49B7-BB85-F907B7967A28}"
EndProject
Project("{9A19103F-16F7-4668-BE54-9A1E7A4F7556}") = "GameHouse_Josh.Shared", "GameHouse_Josh\Shared\GameHouse_Josh.Shared.csproj", "{425407D4-06F6-4125-822C-9EE5A7C0EB80}"
EndProject
Global
	GlobalSection(SolutionConfigurationPlatforms) = preSolution
		Debug|Any CPU = Debug|Any CPU
		Release|Any CPU = Release|Any CPU
	EndGlobalSection
	GlobalSection(ProjectConfigurationPlatforms) = postSolution
		{77942A9C-2C2B-4536-8012-A53B7BCBAE59}.Debug|Any CPU.ActiveCfg = Debug|Any CPU
		{77942A9C-2C2B-4536-8012-A53B7BCBAE59}.Debug|Any CPU.Build.0 = Debug|Any CPU
		{77942A9C-2C2B-4536-8012-A53B7BCBAE59}.Release|Any CPU.ActiveCfg = Release|Any CPU
		{77942A9C-2C2B-4536-8012-A53B7BCBAE59}.Release|Any CPU.Build.0 = Release|Any CPU
		{EFCD3CE3-486A-49B7-BB85-F907B7967A28}.Debug|Any CPU.ActiveCfg = Debug|Any CPU
		{EFCD3CE3-486A-49B7-BB85-F907B7967A28}.Debug|Any CPU.Build.0 = Debug|Any CPU
		{EFCD3CE3-486A-49B7-BB85-F907B7967A28}.Release|Any CPU.ActiveCfg = Release|Any CPU
		{EFCD3CE3-486A-49B7-BB85-F907B7967A28}.Release|Any CPU.Build.0 = Release|Any CPU
		{425407D4-06F6-4125-822C-9EE5A7C0EB80}.Debug|Any CPU.ActiveCfg = Debug|Any CPU
		{425407D4-06F6-4125-822C-9EE5A7C0EB80}.Debug|Any CPU.Build.0 = Debug|Any CPU
		{425407D4-06F6-4125-822C-9EE5A7C0EB80}.Release|Any CPU.ActiveCfg = Release|Any CPU
		{425407D4-06F6-4125-822C-9EE5A7C0EB80}.Release|Any CPU.Build.0 = Release|Any CPU
	EndGlobalSection
	GlobalSection(SolutionProperties) = preSolution
		HideSolutionNode = FALSE
	EndGlobalSection
	GlobalSection(ExtensibilityGlobals) = postSolution
		SolutionGuid = {B5E7176B-C284-4FA9-84C8-049DC7D62D7C}
	EndGlobalSection
EndGlobal
